{
    "_meta": {
        "hash": {
            "sha256": "1190197c551eb97a5800b2e418b16a0165043762b9e956415361ee52f1059321"
        },
        "pipfile-spec": 6,
        "requires": {
            "python_full_version": "3.12.2",
            "python_version": "3.12"
        },
        "sources": [
            {
                "name": "pypi",
                "url": "https://pypi.org/simple",
                "verify_ssl": true
            }
        ]
    },
    "default": {
        "glcontext": {
            "hashes": [
                "sha256:0140c5df37cb48271527355062d35589dc3e1e7e73b51adf9962ed5048115f69",
                "sha256:04921720740438ceea8fb8a38b5665963520c7c8f27bef03df8aeb3ea3cfbfb6",
                "sha256:07980350ba2aac9f793185f90c4f561ae1aa03cc11b58cce4b51e20a70e8c6e3",
                "sha256:09247011c09c37b8d30eca9aa24659288de2febaeaa6a817b33b1498b5ef164c",
                "sha256:12c2abef8efabb8ab7e35d16785968de888ae7349d1b83c765080f35fcd3c6e5",
                "sha256:1445a03d8795113034e1f9ffa662f795df65ae69ee21b26ed3b1d66100ba3f8c",
                "sha256:1712d7a7216b687b181291098e5117e5fae1f1df466583b4290dc2e80d9a72c8",
                "sha256:17a1339db9c1df55eb0b7341dd3da1e45c9992d59aa3a72afefd5bd43d588c92",
                "sha256:18aa4b1df50e8c8ea39bd0f775f39bcc987521f92c4ed019ec7d70078471354d",
                "sha256:1ba5af7ca9309bb42b89cf25f576cc28ae36671be01ecdfce264308a007880ac",
                "sha256:25538bdb106f673638d70e8a16a0c037a92a24c4cf40a05f0d3fa14b483d6194",
                "sha256:2634d5e9647a6d7b0c5a5c0c57e91ac98aa79759bffb42459af4374b049fab01",
                "sha256:2b0c5240125d75498a8f14596484233e4effe98a6a035f566872dd2fdf472ceb",
                "sha256:3a190b1cdb39110c7b56c33857dbff493a364633bfd0ff402a1ce205956c94ca",
                "sha256:3a9e56fa3597cc709cfd0fdf2ae682cda36510a13faac2b3142f401e823b64f4",
                "sha256:3eb55b653fc00a4ec415acacbbf1e8f03ee10b5a685f63fce43ad75b4cef5d4e",
                "sha256:449eaefd89c0519900715b8363ead59ac4aa32457722ca521ce01297441edb34",
                "sha256:4817f4cd52c7fe5410c92ca12b6712435548918719373882ade76f8f75d80abd",
                "sha256:4a2972f92da9a6fb06860e117de05f5b8adc2e2d827bbc0ccc7acbe7325acd1e",
                "sha256:4b3b12a66f57379566dd4d36899ac265abdbe040f3fc3293f50cd6678a1dcc9b",
                "sha256:57168edcd38df2fc0d70c318edf6f7e59091fba1cd3dadb289d0aa50449211ef",
                "sha256:5825e1df53bdf941c3a5ea5ff6d1869491dfeb9f2c30d97f45bbbcb12d91dc1f",
                "sha256:5bd37089570d3cdb01c6c0b315c49ce8a4dcdab2c431f5ba9f37a8b633cebfdf",
                "sha256:5d2b567eaf34adb016aadce81fd2f1d4c8e4a39e3d6f2a395ce528e2a350dd3f",
                "sha256:64eb425f0f0c54c60527e1b112465d4d69b010af42a3b0e69f22317fffd8faea",
                "sha256:6678e0552b516fa8fe62f500ef2b953bec991e82a003be2a9840d16556d03d2e",
                "sha256:7043f59d126feb26896a6419ebfeecc78c07ffefced2a2f59104dd7a2f71ebb5",
                "sha256:7145d17a70adc5784ca59ebbe19a56435ba21816070b8b433f43aa2dfb8be71a",
                "sha256:7c229290a3a33004a59799b94a50bc5e6f8addd1b5bc5039ef9e78f86d888b31",
                "sha256:7d0ac35ac07fc91eccea093beb9d1c1a4eae250bc33836047deff01a3b5f4757",
                "sha256:7e51f04bb3a3a12147106036676a237c5405297a95b8209f7686d624f013bc17",
                "sha256:7fa413f4420abff2bbb5aa5770a3e1deffcdc13e0ef2f459b145fa79c36909e7",
                "sha256:848f870a2bc72a29de7ab6756b9e8f2e6ce052e17873ebc6b3f25129b6e0d58a",
                "sha256:857fd83e60f15580afd369dfb651a10d84a70ec35995622d253551bfb3ff9477",
                "sha256:89ad50d34aa62f03f6aaf6ae39fc27afd1b0eaefb0281aac51f686dc5672d473",
                "sha256:93fda9b378ce6d91f366e83e71ebdafdd167280a9834d1d6341ce6457c4e42ed",
                "sha256:96d1bbe62c5bc5315ca2f84a2abae6fa7b7d645dd368415a0cd1ee5ba6f3f8f7",
                "sha256:983231394396aa2a1e2b96df49404cc8f8aa729d462ed40e605a74b079c46342",
                "sha256:9ca980d9ac22045ef2489cac8cf3800748b1baa716f74a53705003405664950c",
                "sha256:a0484308af75e04b0e56066dc2324a8fb9f1443b76ddb98833439982322b2a39",
                "sha256:b154c25a57e16dbb073478d0cbe2c0090649d135c4c9f87e753b6181b97ec848",
                "sha256:b31808ca2517fedcac8ca5b296ff46c8af012911eaa2080889a1f244d329ef9a",
                "sha256:b4a06207c487f0aa79e49bf1c19d0f2633ff1e1889704196993d24b342763344",
                "sha256:b5a7fb8ab69fc4f076282622e94284ea4cbf7022a1f6ed50938d076b982f653e",
                "sha256:c13dedb3636328b133c4d53c047ce69040ae784095e8f239432ad74d6f921712",
                "sha256:c3648e13478d77128a74dd25baa98faf9ddb9cbcba5af39775ef3a496f71fd10",
                "sha256:c8c1223f1cbcfc0b88428e1717baca829ee863ed5d88e9b5574c7ed6598249cd",
                "sha256:cbb413b6bf3b2ded2e5bf4235b75eb9ac9d36361af38393c53c689dfcc096eba",
                "sha256:cdd81e8b580e43c1fe1c48c0fc3909e6c1f37ee4cfd8c990c03b2df3b463bd37",
                "sha256:cf5af894228b4357b088a6e26761438d799c2af907e33f17935072fe46903c2d",
                "sha256:cfdc763adffcd20509b9e6ac964a9abf7b2a898bb32d7bd4efce9db8af2caaf5",
                "sha256:d11f7701b900a5a34c994e1d91c547be1cc469b73f881471460fd905f69f9e4c",
                "sha256:d467cce2dac8c3928847e90310eb6bdfdfa69f8df39b76a74734046faa15e688",
                "sha256:d89a6bcf0129f27594c07eb9aafc33389e9dd66f344fe1e255fe297bbc123317",
                "sha256:d9b0bd64b01be0ecad521ca4869153893ed10f8c9043dcd8d1a81c8f686008c9",
                "sha256:def2b9956fbd3da94b4cadeb85d947a6321582ddfea2e58c4134178bfabce0f8",
                "sha256:dfea7fc7b22afce49027d8470a84f9c7c6f06a09b43f6606030b53b3240df0d1",
                "sha256:e80bb37ba727bd20c192f2754aea40c437a7665005c1001c10752f91913964e9",
                "sha256:ed5135fdb0da5e0decea1cb26ca10a279188aa0bc4462f1c77e214d6f956a710",
                "sha256:ef4b4ec35e2b720f4cd250bb92cf6417add445490bf780345596da5a796a0e6f",
                "sha256:f3be86fa6587eca16f3fe2b46ee72e2a188fdccedafff0de7515b1d5e72f265e",
                "sha256:f4e285e5d40e7a9bafeb0651c3d8f1a7c822525dec7091e97109ba87a70dbd1e",
                "sha256:fa5a14778d13ecf4a0dd60a7825427bf6ac0383eacb3b8b1a9c23e4976aa0c8c",
                "sha256:fb2eb1c455d589005567b36642db8059b31bb1752f0525c6dbe70ceeeb0131d5"
            ],
            "version": "==3.0.0"
        },
        "moderngl": {
            "hashes": [
                "sha256:00d94f9cb485d87c85088edad624201e152d8ac401793a024b16cd9e2bc4dbf6",
                "sha256:071042dd4846e58cbe204cf49341b62cd209fdcb6d48018feb5a61c66707fcb2",
                "sha256:0a02fddd54dccee1ca6060bfed75a2e6a17dd3ee06920fac418506d8a8233849",
                "sha256:0c210e8d52a60025f6586ca015c39feb1e57e6dc792c3ff44800f6493a541b1a",
                "sha256:105cdee2ee29a7e6ebbc76cf178941503656a185c6945933bc7ef395ba8e65a7",
                "sha256:13fec30855d346c4e69eff437e56f2bdd9953d22e80b7c5a319bccac7024e463",
                "sha256:18deb8bebd0a4277d92c76dbedf8e4b4b68bf0a8a878404c6b26aed750890d3b",
                "sha256:2750547707c1ec3790dfbeb9c90fb808672ff13f61cac392c706ba09fda10db0",
                "sha256:28b9eb3574ffc6e303173ca0a419b63d8b12cd67f924289c02d127c4d17cdca5",
                "sha256:28cdba5dcf2d03c89bb25dc3b2f5770ac4104470ed5bbe680a15494fa52a537d",
                "sha256:29a181bae8bde003016fee671b93c2faa3e1460033033e2a832ec9187aa73efb",
                "sha256:2f3d240e9bc5d83257378bae59f8f35638b89d22bb003cf674b88fd7932161ce",
                "sha256:3c6b4342b7508d75744f1091868cf184cae0be85d37be858fba32eb20d799695",
                "sha256:3d066eae2eb44e81bd7addf565adebc041bdee119e7ac6e4f95831d6f327a938",
                "sha256:49a6e27abafacef104c7ca336f6790f91c69617a1d752ead4a017b706d632b55",
                "sha256:51971d65ec96a212a814350c8b324ae0754353e1b61826d1a06aa2d060df170e",
                "sha256:52936a98ccb2f2e1d6e3cb18528b2919f6831e7e3f924e788b5873badce5129b",
                "sha256:6948237626f9f0d9f931faa3b123d53613d5723679bc70b8db2590924795203f",
                "sha256:6efd3fe0d2c9652af21e2c1f5a936a2b971abac5bdd777da7182a54962466cab",
                "sha256:6f3bd2d534fc081cde30545b84ebca63aef847ba8bd533217b9a37f565614ade",
                "sha256:6fa667d560d842e778e2a5968305fb78f9781616a11b1b93acd2562f97262ccf",
                "sha256:7146c6fec3b2d7e8d11fa2504046b186d396520c0c2f7ef3aed40d8456dbebfc",
                "sha256:726a025ab9822c295369a9ddb1bfaf4930f9645b7a958b74dfcd6a969d7052cf",
                "sha256:74e5b7df5614f3291d197139a888c967aa29c348e13ebd28ce2a55bf03baed3d",
                "sha256:76d966194d51852f48c42a6e786a4520f1e1be5f93e2626423d673663422d559",
                "sha256:7fc0f8788bc84433d2124e9a4893adbe40f93c7d213abb8ad7b909540cb0161f",
                "sha256:861aae4a38da0f5d82dc2d5ece0f0a6d799809c362343cd1a447ab840a68370f",
                "sha256:8698a59ad03539a2982125b7998efc1c107ba31d5d03437b6fcd72cb2c226922",
                "sha256:878cdf593204d85c020305f21d306f979353a67c932b9df58ea936f6e5ad13e7",
                "sha256:878f249505785cde8cc39d6016e62e74b46acbf3bb6d5a86341c86a7da7e7531",
                "sha256:8b35c17d5497f19c524068f9337cbe5e0e0e5662150b12fa95618665130bbf16",
                "sha256:8dc1bacc24840e5bc562e79be65dc506d6c5a7d40ecac01a062f86d013c890af",
                "sha256:8f0c4f7c42425177168938386a4fabd734ca3bbb5de2d1fd1176cfa6f980fc13",
                "sha256:91db8302ac7f5d7a82a967388677e1378ff078f1e16d05da37ce77f4633b93b1",
                "sha256:9b09d8d15b2eaab41c8646a664429ec86af225fa25096758497cd212489d2e1e",
                "sha256:9fdb76f1fd890db67727c8cdee4db2ee6319068c7ce92be0308366f8745e28ab",
                "sha256:a4d497ec6a3f6afa9ebd0be816d9bfe2fe20fec2105acfb88d956619c3ed8eb4",
                "sha256:b0712fcce0ebbee962f5e93628118aedcb568d56b5c59f2e9aac43ea57190219",
                "sha256:b6c4972f3ddd10a3de6c30311da2c25bc493d023796e16c5d4e0f8bd6d5770be",
                "sha256:c5c2a5fe06c7021183d9274df798f25516409c8d55898c324dae8a0b2de10144",
                "sha256:caa432c12b138a6c9571719075c4d103bdc2504cd31aeda38a00ad10fcf268cb",
                "sha256:cbd822cf3707fe955cfd940ec68b900519e2c43a5ef8085de5b0c983b4142c8b",
                "sha256:d56827360c19e831e986243b5daaf6a51006f1ec0d5372084ad446308763d19f",
                "sha256:dad93893e3fcb2410bfd31e854f20e1370b4fbafa07a737f1046f5fbd29ba0f4",
                "sha256:e34d1cd38f7998258f76a08bb5e87f351ec653b7ea1928b2711f8719c10cefd1",
                "sha256:e801cd0d35b4e3e99fc6a6f15eb193ce907bfa78127afa5825f1fad24c700c0e",
                "sha256:eaa3de9446c6febec4d5f888e6f1a4e9398bc5a5ea70b1570ea447213641d4a6",
                "sha256:edd91057b8d76beebac0d7b0c741466ee8f37eaf3c07856785c2872afe0b35ac",
                "sha256:f6efb432f5164f871471d1da36e3a4be9dc3efd7a1e48d0ac6b751e556af5d02"
            ],
            "index": "pypi",
            "markers": "python_version >= '3.7'",
            "version": "==5.12.0"
        },
        "pillow": {
            "hashes": [
                "sha256:014ca0050c85003620526b0ac1ac53f56fc93af128f7546623cc8e31875ab928",
                "sha256:036e53f4170e270ddb8797d4c590e6dd14d28e15c7da375c18978045f7e6c37b",
                "sha256:062b7a42d672c45a70fa1f8b43d1d38ff76b63421cbbe7f88146b39e8a558d91",
                "sha256:0c3e6d0f59171dfa2e25d7116217543310908dfa2770aa64b8f87605f8cacc97",
                "sha256:0c7b29dbd4281923a2bfe562acb734cee96bbb129e96e6972d315ed9f232bef4",
                "sha256:0f5c7eda47bf8e3c8a283762cab94e496ba977a420868cb819159980b6709193",
                "sha256:127bf6ac4a5b58b3d32fc8289656f77f80567d65660bc46f72c0d77e6600cc95",
                "sha256:14e33b28bf17c7a38eede290f77db7c664e4eb01f7869e37fa98a5aa95978941",
                "sha256:14f73f7c291279bd65fda51ee87affd7c1e097709f7fdd0188957a16c264601f",
                "sha256:191955c55d8a712fab8934a42bfefbf99dd0b5875078240943f913bb66d46d9f",
                "sha256:1d535df14716e7f8776b9e7fee118576d65572b4aad3ed639be9e4fa88a1cad3",
                "sha256:208653868d5c9ecc2b327f9b9ef34e0e42a4cdd172c2988fd81d62d2bc9bc044",
                "sha256:21e1470ac9e5739ff880c211fc3af01e3ae505859392bf65458c224d0bf283eb",
                "sha256:225c832a13326e34f212d2072982bb1adb210e0cc0b153e688743018c94a2681",
                "sha256:25a5f306095c6780c52e6bbb6109624b95c5b18e40aab1c3041da3e9e0cd3e2d",
                "sha256:2728567e249cdd939f6cc3d1f049595c66e4187f3c34078cbc0a7d21c47482d2",
                "sha256:2b490402c96f907a166615e9a5afacf2519e28295f157ec3a2bb9bd57de638cb",
                "sha256:312c77b7f07ab2139924d2639860e084ec2a13e72af54d4f08ac843a5fc9c79d",
                "sha256:31df6e2d3d8fc99f993fd253e97fae451a8db2e7207acf97859732273e108406",
                "sha256:35ca289f712ccfc699508c4658a1d14652e8033e9b69839edf83cbdd0ba39e70",
                "sha256:3692b68c87096ac6308296d96354eddd25f98740c9d2ab54e1549d6c8aea9d79",
                "sha256:36d6b82164c39ce5482f649b437382c0fb2395eabc1e2b1702a6deb8ad647d6e",
                "sha256:39ad2e0f424394e3aebc40168845fee52df1394a4673a6ee512d840d14ab3013",
                "sha256:3e645b020f3209a0181a418bffe7b4a93171eef6c4ef6cc20980b30bebf17b7d",
                "sha256:3fe735ced9a607fee4f481423a9c36701a39719252a9bb251679635f99d0f7d2",
                "sha256:4b835d89c08a6c2ee7781b8dd0a30209a8012b5f09c0a665b65b0eb3560b6f36",
                "sha256:4d375eb838755f2528ac8cbc926c3e31cc49ca4ad0cf79cff48b20e30634a4a7",
                "sha256:4eb92eca2711ef8be42fd3f67533765d9fd043b8c80db204f16c8ea62ee1a751",
                "sha256:5119225c622403afb4b44bad4c1ca6c1f98eed79db8d3bc6e4e160fc6339d66c",
                "sha256:562d11134c97a62fe3af29581f083033179f7ff435f78392565a1ad2d1c2c45c",
                "sha256:598174aef4589af795f66f9caab87ba4ff860ce08cd5bb447c6fc553ffee603c",
                "sha256:63b5dff3a68f371ea06025a1a6966c9a1e1ee452fc8020c2cd0ea41b83e9037b",
                "sha256:6ebce70c3f486acf7591a3d73431fa504a4e18a9b97ff27f5f47b7368e4b9dd1",
                "sha256:738db0e0941ca0376804d4de6a782c005245264edaa253ffce24e5a15cbdc7bd",
                "sha256:7491cf8a79b8eb867d419648fff2f83cb0b3891c8b36da92cc7f1931d46108c8",
                "sha256:74ee3d7ecb3f3c05459ba95eed5efa28d6092d751ce9bf20e3e253a4e497e691",
                "sha256:750f96efe0597382660d8b53e90dd1dd44568a8edb51cb7f9d5d918b80d4de14",
                "sha256:78092232a4ab376a35d68c4e6d5e00dfd73454bd12b230420025fbe178ee3b0b",
                "sha256:78afba22027b4accef10dbd5eed84425930ba41b3ea0a86fa8d20baaf19d807f",
                "sha256:7bdb5e09068332578214cadd9c05e3d64d99e0e87591be22a324bdbc18925be0",
                "sha256:80f1df8dbe9572b4b7abdfa17eb5d78dd620b1d55d9e25f834efdbee872d3aed",
                "sha256:85d27ea4c889342f7e35f6d56e7e1cb345632ad592e8c51b693d7b7556043ce0",
                "sha256:8b02d8f9cb83c52578a0b4beadba92e37d83a4ef11570a8688bbf43f4ca50909",
                "sha256:8ce2e8411c7aaef53e6bb29fe98f28cd4fbd9a1d9be2eeea434331aac0536b22",
                "sha256:8f4f3724c068be008c08257207210c138d5f3731af6c155a81c2b09a9eb3a788",
                "sha256:9622e3b6c1d8b551b6e6f21873bdcc55762b4b2126633014cea1803368a9aa16",
                "sha256:9b7b0d4fd2635f54ad82785d56bc0d94f147096493a79985d0ab57aedd563156",
                "sha256:9bc7ae48b8057a611e5fe9f853baa88093b9a76303937449397899385da06fad",
                "sha256:9db98ab6565c69082ec9b0d4e40dd9f6181dab0dd236d26f7a50b8b9bfbd5076",
                "sha256:9ee66787e095127116d91dea2143db65c7bb1e232f617aa5957c0d9d2a3f23a7",
                "sha256:a0a6709b47019dff32e678bc12c63008311b82b9327613f534e496dacaefb71e",
                "sha256:a64dd61998416367b7ef979b73d3a85853ba9bec4c2925f74e588879a58716b6",
                "sha256:aa442755e31c64037aa7c1cb186e0b369f8416c567381852c63444dd666fb772",
                "sha256:ad275964d52e2243430472fc5d2c2334b4fc3ff9c16cb0a19254e25efa03a155",
                "sha256:b0e130705d568e2f43a17bcbe74d90958e8a16263868a12c3e0d9c8162690830",
                "sha256:b10428b3416d4f9c61f94b494681280be7686bda15898a3a9e08eb66a6d92d67",
                "sha256:b2dbea1012ccb784a65349f57bbc93730b96e85b42e9bf7b01ef40443db720b4",
                "sha256:b4ba4be812c7a40280629e55ae0b14a0aafa150dd6451297562e1764808bbe61",
                "sha256:b93a07e76d13bff9444f1a029e0af2964e654bfc2e2c2d46bfd080df5ad5f3d8",
                "sha256:bf2c33d6791c598142f00c9c4c7d47f6476731c31081331664eb26d6ab583e01",
                "sha256:c27476257b2fdcd7872d54cfd119b3a9ce4610fb85c8e32b70b42e3680a29a1e",
                "sha256:c8bd62331e5032bc396a93609982a9ab6b411c05078a52f5fe3cc59234a3abd1",
                "sha256:c97209e85b5be259994eb5b69ff50c5d20cca0f458ef9abd835e262d9d88b39d",
                "sha256:cc1c3bc53befb6096b84165956e886b1729634a799e9d6329a0c512ab651e579",
                "sha256:cc5d875d56e49f112b6def6813c4e3d3036d269c008bf8aef72cd08d20ca6df6",
                "sha256:d189ba1bebfbc0c0e529159631ec72bb9e9bc041f01ec6d3233d6d82eb823bc1",
                "sha256:d4e5c5edee874dce4f653dbe59db7c73a600119fbea8d31f53423586ee2aafd7",
                "sha256:d57a75d53922fc20c165016a20d9c44f73305e67c351bbc60d1adaf662e74047",
                "sha256:da3104c57bbd72948d75f6a9389e6727d2ab6333c3617f0a89d72d4940aa0443",
                "sha256:dd6b20b93b3ccc9c1b597999209e4bc5cf2853f9ee66e3fc9a400a78733ffc9a",
                "sha256:e0409af9f829f87a2dfb7e259f78f317a5351f2045158be321fd135973fff7bf",
                "sha256:e0b55f27f584ed623221cfe995c912c61606be8513bfa0e07d2c674b4516d9dd",
                "sha256:e616e7154c37669fc1dfc14584f11e284e05d1c650e1c0f972f281c4ccc53193",
                "sha256:e6def7eed9e7fa90fde255afaf08060dc4b343bbe524a8f69bdd2a2f0018f600",
                "sha256:ea926cfbc3957090becbcbbb65ad177161a2ff2ad578b5a6ec9bb1e1cd78753c",
                "sha256:f0d3348c95b766f54b76116d53d4cb171b52992a1027e7ca50c81b43b9d9e363",
                "sha256:f6b0c664ccb879109ee3ca702a9272d877f4fcd21e5eb63c26422fd6e415365e",
                "sha256:f781dcb0bc9929adc77bad571b8621ecb1e4cdef86e940fe2e5b5ee24fd33b35",
                "sha256:f91ebf30830a48c825590aede79376cb40f110b387c17ee9bd59932c961044f9",
                "sha256:fdec757fea0b793056419bca3e9932eb2b0ceec90ef4813ea4c1e072c389eb28",
                "sha256:fe15238d3798788d00716637b3d4e7bb6bde18b26e5d08335a96e88564a36b6b"
            ],
            "index": "pypi",
            "markers": "python_version >= '3.9'",
            "version": "==11.2.1"
        },
        "pyassimp": {
            "hashes": [
                "sha256:107d93780e4300d70698c4291c54dd32ff78e8cf0dafd56ac1801cd0260c36f3"
            ],
            "index": "pypi",
            "version": "==5.2.5"
        },
        "pygame": {
            "hashes": [
                "sha256:00827aba089355925902d533f9c41e79a799641f03746c50a374dc5c3362e43d",
                "sha256:10e3d2a55f001f6c0a6eb44aa79ea7607091c9352b946692acedb2ac1482f1c9",
                "sha256:1206125f14cae22c44565c9d333607f1d9f59487b1f1432945dfc809aeaa3e88",
                "sha256:14f9dda45469b254c0f15edaaeaa85d2cc072ff6a83584a265f5d684c7f7efd8",
                "sha256:15efaa11a80a65dd589a95bebe812fa5bfc7e14946b638a424c5bd9ac6cca1a4",
                "sha256:163e66de169bd5670c86e27d0b74aad0d2d745e3b63cf4e7eb5b2bff1231ca8d",
                "sha256:173badf82fa198e6888017bea40f511cb28e69ecdd5a72b214e81e4dcd66c3b1",
                "sha256:17498a2b043bc0e795faedef1b081199c688890200aef34991c1941caa2d2c89",
                "sha256:20349195326a5e82a16e351ed93465a7845a7e2a9af55b7bc1b2110ea3e344e1",
                "sha256:21160d9093533eb831f1b708e630706e5ac16b30750571ec27bc3b8364814f38",
                "sha256:27eb17e3dc9640e4b4683074f1890e2e879827447770470c2aba9f125f74510b",
                "sha256:28b43190436037e428a5be28fc80cf6615304fd528009f2c688cc828f4ff104b",
                "sha256:2a3a1288e2e9b1e5834e425bedd5ba01a3cd4902b5c2bff8ed4a740ccfe98171",
                "sha256:2a615d78b2364e86f541458ff41c2a46181b9a1e9eabd97b389282fdf04efbb3",
                "sha256:325a84d072d52e3c2921eff02f87c6a74b7e77d71db3bdf53801c6c975f1b6c4",
                "sha256:33006f784e1c7d7e466fcb61d5489da59cc5f7eb098712f792a225df1d4e229d",
                "sha256:3a9e7396be0d9633831c3f8d5d82dd63ba373ad65599628294b7a4f8a5a01a65",
                "sha256:3acd8c009317190c2bfd81db681ecef47d5eb108c2151d09596d9c7ea9df5c0e",
                "sha256:3bede70ec708057e305815d6546012669226d1d80566785feca9b044216062e7",
                "sha256:481cfe1bdbb7fe00acc5950c494c26f00240888619bdc396fc8c39a734797432",
                "sha256:4a8ea113b1bf627322a025a1a5a87e3818a7f55ab3a4077ff1ae5c8c60576614",
                "sha256:4c1623180e70a03c4a734deb9bac50fc9c82942ae84a3a220779062128e75f3b",
                "sha256:4ee7f2771f588c966fa2fa8b829be26698c9b4836f82ede5e4edc1a68594942e",
                "sha256:56fb02ead529cee00d415c3e007f75e0780c655909aaa8e8bf616ee09c9feb1f",
                "sha256:56ffca6059b165bbf64f4b4be23b8068f6a0e220780e4f96ec0bb5ac3c63ec39",
                "sha256:5d09fd950725d187aa5207c0cb8eb9ab0d2f8ce9ab8d189c30eeb470e71b617e",
                "sha256:6582aa71a681e02e55d43150a9ab41394e6bf4d783d2962a10aea58f424be060",
                "sha256:7103c60939bbc1e05cfc7ba3f1d2ad3bbf103b7828b82a7166a9ab6f51950146",
                "sha256:7bffdd3eaf394d9645331d1c3a5df9d782ebcc3c5a78f3b657c7879a828dd111",
                "sha256:811e7b925146d8149d79193652cbb83e0eca0aae66476b1cb310f0f4226b8b5c",
                "sha256:813af4fba5d0b2cb8e58f5d95f7910295c34067dcc290d34f1be59c48bd1ea6a",
                "sha256:816e85000c5d8b02a42b9834f761a5925ef3377d2924e3a7c4c143d2990ce5b8",
                "sha256:818b4eaec9c4acb6ac64805d4ca8edd4062bebca77bd815c18739fe2842c97e9",
                "sha256:84fc4054e25262140d09d39e094f6880d730199710829902f0d8ceae0213379e",
                "sha256:8a78fd030d98faab4a8e27878536fdff7518d3e062a72761c552f624ebba5a5f",
                "sha256:91476902426facd4bb0dad4dc3b2573bc82c95c71b135e0daaea072ed528d299",
                "sha256:94afd1177680d92f9214c54966ad3517d18210c4fbc5d84a0192d218e93647e0",
                "sha256:97ac4e13847b6b293ecaffa5ffce9886c98d09c03309406931cc592f0cea6366",
                "sha256:9beeb647e555afb5657111fa83acb74b99ad88761108eaea66472e8b8547b55b",
                "sha256:9dd5c054d4bd875a8caf978b82672f02bec332f52a833a76899220c460bb4b58",
                "sha256:a1bf7ab5311bbced70320f1a56701650b4c18231343ae5af42111eea91e0949a",
                "sha256:a4b8f04fceddd9a3ac30778d11f0254f59efcd1c382d5801271113cea8b4f2f3",
                "sha256:a620883d589926f157b8f1d1f543183ac52e5c30507dea445e3927ae0bee1c54",
                "sha256:ac3f033d2be4a9e23660a96afe2986df3a6916227538a6a0061bc218c5088507",
                "sha256:ae6039f3a55d800db80e8010f387557b528d34d534435e0871326804df2a62f2",
                "sha256:b46e68cd168f44d0224c670bb72186688fc692d7079715f79d04096757d703d0",
                "sha256:b7f9f8e6f76de36f4725175d686601214af362a4f30614b4dae2240198e72e6f",
                "sha256:bbb7167c92103a2091366e9af26d4914ba3776666e8677d3c93551353fffa626",
                "sha256:c0b11356ac96261162d54a2c2b41a41978f00525631b01ec9c4fe26b01c66595",
                "sha256:c31dbdb5d0217f32764797d21c2752e258e5fb7e895326538d82b5f75a0cd856",
                "sha256:c47a6938de93fa610accd4969e638c2aebcb29b2fca518a84c3a39d91ab47116",
                "sha256:c8040ea2ab18c6b255af706ec01355c8a6b08dc48d77fd4ee783f8fc46a843bf",
                "sha256:ce8cc108b92de9b149b344ad2e25eedbe773af0dc41dfb24d1f07f679b558c60",
                "sha256:d1a7f2b66ac2e4c9583b6d4c6d6f346fb10a3392c04163f537061f86a448ed5c",
                "sha256:d29eb9a93f12aa3d997b6e3c447ac85b2a4b142ab2548441523a8fcf5e216042",
                "sha256:da3ad64d685f84a34ebe5daacb39fff14f1251acb34c098d760d63fee768f50c",
                "sha256:ef07c0103d79492c21fced9ad68c11c32efa6801ca1920ebfd0f15fb46c78b1c",
                "sha256:f3935459109da4bb0b3901da9904f0a3e52028a3332a355d298b1673a334cf21",
                "sha256:f84f15d146d6aa93254008a626c56ef96fed276006202881a47b29757f0cd65a",
                "sha256:fb6e8d0547f30ddc845f4fd1e33070ef548233ad0dbf21f7ecea768883d1bbdc"
            ],
            "index": "pypi",
            "markers": "python_version >= '3.6'",
            "version": "==2.6.1"
        },
        "pyglm": {
            "hashes": [
                "sha256:018e2ca131c935b6fa147ec39c15f5d3936890ada43645cca4f208ccc4410188",
                "sha256:01db79724c736846105162b9cb89c1a9262fd5b3a87239e06dbb977e83f071ce",
                "sha256:0821176a57d6d1c9c03085b86bfc13686d4cf814ebdaedcff540b7af292c7738",
                "sha256:082767061cd1181c01dc8f49945ea68699d0bfe940afb52bbed9c0e101572827",
                "sha256:094bd832748ca0f2a21b4fb20752a98e1d85353bdb7526c51ce9d3c08a23991a",
                "sha256:0ac466ba49155fda6ea9c3e0ba459071eafd398ee5b54562ddd57c7862ae946c",
                "sha256:0c4576bb2c1d7f71c483204d9b2cbb7e456c1e74dc0714bb3a51af1d18b66907",
                "sha256:13543a5516f74cb6634ed76f69097e4d47a4f5197ffb9876938ed755bdf0a167",
                "sha256:21eaff3e1d330762a92ae4e5fcf894ae0067f962c836c321e87e0a6175ec1890",
                "sha256:24957473986f26e907e17734e25761cee32475476a071976049b9b86aaad30ed",
                "sha256:295069ceda113996305ea126f50100f7b34c28580b41b5d10d008569bddd480a",
                "sha256:3271dca306c17d5ba70820125424fba5b4a5d3d3ea5b2a9d28a468bb86ee8e15",
                "sha256:37974f2a434075cfa2b6435cb6dcbbff151aa6a5bc3aae6b2d323f2920cfb071",
                "sha256:37e43503a3f8c4750dae84f2eab5198c78a38a9ba2b607935f9a0a9e8802a08a",
                "sha256:3a0765a4ed676431627541a4561b36fa95b01823a488f291141de48f412e44b7",
                "sha256:3e5d429c42d9fdcffa7d3aef62cdac668470793a30945ce7353722958ea89e5d",
                "sha256:402c0a4de35cc55ef9b27a463abcc3d8ff0fe5a6a3cc1b2d403c9d554e7dae0e",
                "sha256:40f088c4e5287c565d9295895feead6b747a0ddbada91088e18383737b328fed",
                "sha256:5692aa3940ce1351c7963203d29ceb051a2f83a0721b2796cb18860f01dafc7e",
                "sha256:58d42a43e22b9224cd3daaf7888b438ad07e183d750ad77fc62020b6b8b2928d",
                "sha256:5965c6c06272105be0e59897394d351c4fcf8d5bc1023efdbc9a3e70a0c92dcb",
                "sha256:60342a40b780d2f9f686a5e03f4351dff9c3fe33b923f06fec043c9c0bbaaa7c",
                "sha256:65e94ce6451e688e64099f2c7d81a1ca3e299de6c1a4bb993b869b23a44aeb73",
                "sha256:6a492dc524f3bffb27c47d9fc62afc690379ea311f1b9543487efe3869a3e1ae",
                "sha256:6b9a577a70e9b3f364d8a567405811dea939c64ecba310bc7faa1b349034a7e7",
                "sha256:77f6b401007d5babbc6a328cb85b6d23f180e37f1a44b4516d8274f48acae0cf",
                "sha256:793aae3aa1b09ed8400cda48f2ca640041c4ac2748f38e97925dac56f28ec6fb",
                "sha256:7968f3b047ee9b8d5ab8707c81371015f523385480a1bfe73eaf3d6e39e74db7",
                "sha256:7d7c62b6d9d51ff13dfff50f297fdb1a2166d8a51f29d80e401c9d764840a4af",
                "sha256:7e9d895e6697ff318b8c9b80dde957744cbfbeb0d22e61fce64906a3fe1f4bff",
                "sha256:8094dc6c51eaac28720ef7ec6bbaadca9c6afe494cb95848cb0bce95e0314145",
                "sha256:859f68e70a52e7e042d53636b96d36a28be63965aa8429ac43c009eaf5640040",
                "sha256:865aaa996345239499e7ad6f8b9cd7e2411c55e4719d0dc91ea20fdea810080b",
                "sha256:8cadb5f66c30654e8292e87c737081ff8bf2bbb15f10d73fc3e2abf005cededd",
                "sha256:8d7492729bb1861eb9cc895d124d0e42b2d40d033b0367f2fcea2b8ac3c28fe0",
                "sha256:9727328d3844ca105d96adc7e99036f00a2b50d82c0071d4f49206abdb6c27da",
                "sha256:9cf869167f18251a554fbf54b2f65af31803a428a2b6e46b975b429a0e973ff8",
                "sha256:a200ec556f31a1936aefc88baa4cd7e01d011ae83a250f74876548247e1c5add",
                "sha256:a2853b06dd820c6b431e6d7296e7e13fb82066396bf3c76451a97e5c346b529e",
                "sha256:a336a0ff105c3254888b7e4c517bbd166e77bdeb78c73ee7de23c30877c3a288",
                "sha256:a3c3f67f229f22b37a7076e36fd432795935cc1db25b7e133ae0ca1f7a9cbbb5",
                "sha256:a3ccd42dc7417c6c223b58feb085bbd723cc7ba42acc95b7561ebbaf5b26601c",
                "sha256:a3ec5b90f9ba6ef151d1a46f8a1e3026c0a55b6f78629d468e0b7e3580184013",
                "sha256:a46be69db5fb3421cb49cb0eb18080db62cb6f38322ab50ceac126f341128ad1",
                "sha256:aa4168a8332116f8c8cd353b908eb96ccc7c5824dda0e44e072e623612f0e202",
                "sha256:ad5f6b40f391bf7b4fd5256b4153ff955ef497638fa24bec0d21bac27a210947",
                "sha256:b4847b0b60888b5c649b17b0a72d1f3f1ee07086cd5f431a7d977fad3cdbadab",
                "sha256:b6ec9dc9e12a4e1d2cb2c91656e59eb1f30309b2882e6e354ce437ff5f7610f3",
                "sha256:bbff6b56779d456833e1af966af1739802f2ab7de02d66296a03231dc9034318",
                "sha256:c90c07472602952dbd9f7f745c1212fa73fbb8913af02b70a2d3f04ee5afd3e7",
                "sha256:cb7d3299fd72af27bcc1647c266efb0e259e2625a5a44be50019348d3099c361",
                "sha256:cb842b8ab216c8152e5166052f770f1e3c218aee577022dd0297f83c0ff00411",
                "sha256:cc99d62edec14f8ee120546667d48275b5b0d11f5ace283051ad81e9f1d4de19",
                "sha256:cd1adae33ea6c50ec057eb9701dda913459207f942484263f0d9c3b813b660c2",
                "sha256:cf4230800140b2d440b04bde290e1f8b61290aeebea7ab4680d939322a582686",
                "sha256:d09e8304414e5c1b4a9540215d6221925f896c0bdc1b5cc003e4b8c699209642",
                "sha256:d9cd5b3189e6f78a8095e33e4f22b274c16a468dd074169efcfee4711ccb6c9a",
                "sha256:db87fa313e341ef527b5376633b241e6f5ba4deb28feb8f19f11c9396fd88a42",
                "sha256:e238e52a6bc62cbbd1b9a73e613b5ee32a8c525158d0f0cb04f98cd456ddbed1",
                "sha256:e2798ac14fcade4211f0b7fece3c567c6b5e401c0e221b4ea1d0b4bb47c50f77",
                "sha256:e65ad1b5415d5f60a13a2c23335d60638630ec89c87bafa744fa10e8364e06c5",
                "sha256:e69b938f6de1679a7ad5019ee3896cb4aec9dde90c617bef8a7d0d718a1f1e4d",
                "sha256:e78fb7f1e76c5c736494ac68f7ff71358e6b8b23d9f7ab2b51eccec33d1fe736",
                "sha256:edbc51eef30a79019649669c0d98d9295f6e370570a7767426aaa8452d5b9d46",
                "sha256:f63cf23c8ad08607d5723d9e72d2b5f6de5e59ab440645358349ea150449290e",
                "sha256:fa2d1511b7b04cb0a69c09f75d0b7f649c7809d3a3462abdc6745dd212b956a1"
            ],
            "index": "pypi",
            "version": "==2.8.2"
        },
        "setuptools": {
            "hashes": [
                "sha256:062d34222ad13e0cc312a4c02d73f059e86a4acbfbdea8f8f76b28c99f306922",
                "sha256:f36b47402ecde768dbfafc46e8e4207b4360c654f1f3bb84475f0a28628fb19c"
            ],
            "index": "pypi",
            "markers": "python_version >= '3.9'",
            "version": "==80.9.0"
        }
    },
    "develop": {}
}
